schema: '2.0'
stages:
  download_nltk:
    cmd: python3 scripts/download_nltk_data.py
    outs:
    - path: nltk_data
      hash: md5
      md5: e5492a96d13403f58aae666212b7cdfa.dir
      size: 10775600
      nfiles: 1
  preprocess:
    cmd: python3 src/data/preprocessing.py
    deps:
    - path: config/config.yaml
      hash: md5
      md5: aae2f65bb2a5e4dd956d2ef19a0dea6e
      size: 479
    - path: data/sentiment_data.csv
      hash: md5
      md5: 62f201f90bbd3adf63e2d1020a8b067e
      size: 23860510
    - path: nltk_data
      hash: md5
      md5: e5492a96d13403f58aae666212b7cdfa.dir
      size: 10775600
      nfiles: 1
    - path: src/data/preprocessing.py
      hash: md5
      md5: a41bd619449d9df6a5bbec97eac92177
      size: 5375
    outs:
    - path: data/processed
      hash: md5
      md5: 349bdb9b42cdd4f22862e3be55753e02.dir
      size: 23087238
      nfiles: 6
  log_eda:
    cmd: python3 src/data/log_eda_mlflow.py
    deps:
    - path: config/config.yaml
      hash: md5
      md5: aae2f65bb2a5e4dd956d2ef19a0dea6e
      size: 479
    - path: data/processed/eda/class_distribution.png
      hash: md5
      md5: 752e155da183f8709c26389be0c08251
      size: 14133
    - path: data/processed/eda/common_words.png
      hash: md5
      md5: 124dba3f4eb38570da20454c40558d98
      size: 25362
    - path: data/processed/eda/missing_values.png
      hash: md5
      md5: 2a1c341b009547cddcf90e1ef007a5e1
      size: 13028
    - path: data/processed/eda/wordcloud.png
      hash: md5
      md5: 9722f6cf3f367ae4a91bd6d6c0dfca8e
      size: 385361
    - path: src/data/log_eda_mlflow.py
      hash: md5
      md5: 99e2981301c0a99831049a7f1982e8f8
      size: 680
  baseline:
    cmd: python3 src/models/baseline.py
    deps:
    - path: config/config.yaml
      hash: md5
      md5: aae2f65bb2a5e4dd956d2ef19a0dea6e
      size: 479
    - path: data/processed/test.csv
      hash: md5
      md5: 10ac3988529b25df78954cb9d558c91e
      size: 4523989
    - path: data/processed/train.csv
      hash: md5
      md5: 756eb577a11375ec8c8387638b833672
      size: 18125365
    - path: params.yaml
      hash: md5
      md5: f891aba8e2b17e9ad81f1ca055ed47a5
      size: 557
    - path: src/models/baseline.py
      hash: md5
      md5: 81b5fb5b8398afcb6821b41e4293d874
      size: 10157
